
Microsoft Visual Studio Solution File, Format Version 12.00
# Visual Studio 15
VisualStudioVersion = 15.0.28307.329
MinimumVisualStudioVersion = 10.0.40219.1
Project("{9A19103F-16F7-4668-BE54-9A1E7A4F7556}") = "CGNV4-Monitor", "CGNV4-Monitor\CGNV4-Monitor.csproj", "{CFE2E702-3F70-4FB4-A03C-4FF5A0689F0C}"
EndProject
Global
	GlobalSection(SolutionConfigurationPlatforms) = preSolution
		Debug|Any CPU = Debug|Any CPU
		Release|Any CPU = Release|Any CPU
	EndGlobalSection
	GlobalSection(ProjectConfigurationPlatforms) = postSolution
		{CFE2E702-3F70-4FB4-A03C-4FF5A0689F0C}.Debug|Any CPU.ActiveCfg = Debug|Any CPU
		{CFE2E702-3F70-4FB4-A03C-4FF5A0689F0C}.Debug|Any CPU.Build.0 = Debug|Any CPU
		{CFE2E702-3F70-4FB4-A03C-4FF5A0689F0C}.Release|Any CPU.ActiveCfg = Release|Any CPU
		{CFE2E702-3F70-4FB4-A03C-4FF5A0689F0C}.Release|Any CPU.Build.0 = Release|Any CPU
	EndGlobalSection
	GlobalSection(SolutionProperties) = preSolution
		HideSolutionNode = FALSE
	EndGlobalSection
	GlobalSection(ExtensibilityGlobals) = postSolution
		SolutionGuid = {AD4E3561-1866-49DB-A5E3-5AEAE95B506C}
	EndGlobalSection
EndGlobal
